
Microsoft Visual Studio Solution File, Format Version 12.00
# Visual Studio Version 17
VisualStudioVersion = 17.8.34205.153
MinimumVisualStudioVersion = 10.0.40219.1
Project("{2150E333-8FDC-42A3-9474-1A3956D46DE8}") = "Aplicacion", "Aplicacion", "{54B32174-673E-4332-8E4C-9E875869CA15}"
EndProject
Project("{2150E333-8FDC-42A3-9474-1A3956D46DE8}") = "Dominio", "Dominio", "{EA7AD711-327B-4FDD-8F8F-2BD3EA76824D}"
EndProject
Project("{2150E333-8FDC-42A3-9474-1A3956D46DE8}") = "Infraestructura", "Infraestructura", "{9F06B706-3E22-478E-AF69-80183D832390}"
EndProject
Project("{2150E333-8FDC-42A3-9474-1A3956D46DE8}") = "Servicio", "Servicio", "{DF2C8D3F-4066-446E-9CCF-1D2D040A509F}"
EndProject
Project("{2150E333-8FDC-42A3-9474-1A3956D46DE8}") = "Transversal", "Transversal", "{1451398E-98F1-4516-BF85-05A6884EC4A5}"
EndProject
Project("{9A19103F-16F7-4668-BE54-9A1E7A4F7556}") = "Starbucks.MenuManager.API", "Starbucks.MenuManager.API\Starbucks.MenuManager.API.csproj", "{B36B920C-3A28-4CDD-9C3D-934F0C86A815}"
	ProjectSection(ProjectDependencies) = postProject
		{CF430AB9-B3D5-4692-9F97-D37EA5B9695D} = {CF430AB9-B3D5-4692-9F97-D37EA5B9695D}
	EndProjectSection
EndProject
Project("{9A19103F-16F7-4668-BE54-9A1E7A4F7556}") = "Starbucks.MenuManager.API.Application", "Starbucks.MenuManager.API.Application\Starbucks.MenuManager.API.Application.csproj", "{CF430AB9-B3D5-4692-9F97-D37EA5B9695D}"
EndProject
Project("{9A19103F-16F7-4668-BE54-9A1E7A4F7556}") = "Starbucks.MenuManager.API.Domain", "Starbucks.MenuManager.API.Domain\Starbucks.MenuManager.API.Domain.csproj", "{301D0635-3EC1-4720-8E6F-DDB903EDEA5A}"
EndProject
Project("{9A19103F-16F7-4668-BE54-9A1E7A4F7556}") = "Starbucks.MenuManager.API.Infrastructure", "Starbucks.MenuManager.API.Infrastructure\Starbucks.MenuManager.API.Infrastructure.csproj", "{5A089A35-66B3-429E-9C75-1A35B7E1C0DF}"
EndProject
Project("{9A19103F-16F7-4668-BE54-9A1E7A4F7556}") = "Starbucks.MenuManager.API.Persistence", "Starbucks.MenuManager.API.Persistence\Starbucks.MenuManager.API.Persistence.csproj", "{70D26467-8A4C-4AA0-AAA6-DB8B57A4FB16}"
	ProjectSection(ProjectDependencies) = postProject
		{301D0635-3EC1-4720-8E6F-DDB903EDEA5A} = {301D0635-3EC1-4720-8E6F-DDB903EDEA5A}
	EndProjectSection
EndProject
Project("{9A19103F-16F7-4668-BE54-9A1E7A4F7556}") = "Starbucks.MenuManager.API.Transversal", "Starbucks.MenuManager.API.Transversal\Starbucks.MenuManager.API.Transversal.csproj", "{D302182E-212A-4003-A629-575CD6ABFD15}"
EndProject
Project("{2150E333-8FDC-42A3-9474-1A3956D46DE8}") = "Prueba", "Prueba", "{858242EE-C8A6-4BA3-B3F1-D433D103528D}"
EndProject
Project("{9A19103F-16F7-4668-BE54-9A1E7A4F7556}") = "Starbucks.MenuManager.API.Test", "Starbucks.MenuManager.API.Test\Starbucks.MenuManager.API.Test.csproj", "{73B93A45-D3B6-4E29-A7FC-E0DD5412A359}"
EndProject
Project("{2150E333-8FDC-42A3-9474-1A3956D46DE8}") = "Core", "Core", "{41DBF608-8845-4B53-88A3-E120325D5D04}"
EndProject
Project("{FAE04EC0-301F-11D3-BF4B-00C04F79EFBC}") = "Starbucks.MenuManager.API.Core.mediatOR", "Starbucks.MenuManager.API.Core.mediatOR\Starbucks.MenuManager.API.Core.mediatOR.csproj", "{30061789-C83C-4246-9D26-F92F36C26B1F}"
EndProject
Global
	GlobalSection(SolutionConfigurationPlatforms) = preSolution
		Debug|Any CPU = Debug|Any CPU
		Release|Any CPU = Release|Any CPU
	EndGlobalSection
	GlobalSection(ProjectConfigurationPlatforms) = postSolution
		{B36B920C-3A28-4CDD-9C3D-934F0C86A815}.Debug|Any CPU.ActiveCfg = Debug|Any CPU
		{B36B920C-3A28-4CDD-9C3D-934F0C86A815}.Debug|Any CPU.Build.0 = Debug|Any CPU
		{B36B920C-3A28-4CDD-9C3D-934F0C86A815}.Release|Any CPU.ActiveCfg = Release|Any CPU
		{B36B920C-3A28-4CDD-9C3D-934F0C86A815}.Release|Any CPU.Build.0 = Release|Any CPU
		{CF430AB9-B3D5-4692-9F97-D37EA5B9695D}.Debug|Any CPU.ActiveCfg = Debug|Any CPU
		{CF430AB9-B3D5-4692-9F97-D37EA5B9695D}.Debug|Any CPU.Build.0 = Debug|Any CPU
		{CF430AB9-B3D5-4692-9F97-D37EA5B9695D}.Release|Any CPU.ActiveCfg = Release|Any CPU
		{CF430AB9-B3D5-4692-9F97-D37EA5B9695D}.Release|Any CPU.Build.0 = Release|Any CPU
		{301D0635-3EC1-4720-8E6F-DDB903EDEA5A}.Debug|Any CPU.ActiveCfg = Debug|Any CPU
		{301D0635-3EC1-4720-8E6F-DDB903EDEA5A}.Debug|Any CPU.Build.0 = Debug|Any CPU
		{301D0635-3EC1-4720-8E6F-DDB903EDEA5A}.Release|Any CPU.ActiveCfg = Release|Any CPU
		{301D0635-3EC1-4720-8E6F-DDB903EDEA5A}.Release|Any CPU.Build.0 = Release|Any CPU
		{5A089A35-66B3-429E-9C75-1A35B7E1C0DF}.Debug|Any CPU.ActiveCfg = Debug|Any CPU
		{5A089A35-66B3-429E-9C75-1A35B7E1C0DF}.Debug|Any CPU.Build.0 = Debug|Any CPU
		{5A089A35-66B3-429E-9C75-1A35B7E1C0DF}.Release|Any CPU.ActiveCfg = Release|Any CPU
		{5A089A35-66B3-429E-9C75-1A35B7E1C0DF}.Release|Any CPU.Build.0 = Release|Any CPU
		{70D26467-8A4C-4AA0-AAA6-DB8B57A4FB16}.Debug|Any CPU.ActiveCfg = Debug|Any CPU
		{70D26467-8A4C-4AA0-AAA6-DB8B57A4FB16}.Debug|Any CPU.Build.0 = Debug|Any CPU
		{70D26467-8A4C-4AA0-AAA6-DB8B57A4FB16}.Release|Any CPU.ActiveCfg = Release|Any CPU
		{70D26467-8A4C-4AA0-AAA6-DB8B57A4FB16}.Release|Any CPU.Build.0 = Release|Any CPU
		{D302182E-212A-4003-A629-575CD6ABFD15}.Debug|Any CPU.ActiveCfg = Debug|Any CPU
		{D302182E-212A-4003-A629-575CD6ABFD15}.Debug|Any CPU.Build.0 = Debug|Any CPU
		{D302182E-212A-4003-A629-575CD6ABFD15}.Release|Any CPU.ActiveCfg = Release|Any CPU
		{D302182E-212A-4003-A629-575CD6ABFD15}.Release|Any CPU.Build.0 = Release|Any CPU
		{73B93A45-D3B6-4E29-A7FC-E0DD5412A359}.Debug|Any CPU.ActiveCfg = Debug|Any CPU
		{73B93A45-D3B6-4E29-A7FC-E0DD5412A359}.Debug|Any CPU.Build.0 = Debug|Any CPU
		{73B93A45-D3B6-4E29-A7FC-E0DD5412A359}.Release|Any CPU.ActiveCfg = Release|Any CPU
		{73B93A45-D3B6-4E29-A7FC-E0DD5412A359}.Release|Any CPU.Build.0 = Release|Any CPU
		{30061789-C83C-4246-9D26-F92F36C26B1F}.Debug|Any CPU.ActiveCfg = Debug|Any CPU
		{30061789-C83C-4246-9D26-F92F36C26B1F}.Debug|Any CPU.Build.0 = Debug|Any CPU
		{30061789-C83C-4246-9D26-F92F36C26B1F}.Release|Any CPU.ActiveCfg = Release|Any CPU
		{30061789-C83C-4246-9D26-F92F36C26B1F}.Release|Any CPU.Build.0 = Release|Any CPU
	EndGlobalSection
	GlobalSection(SolutionProperties) = preSolution
		HideSolutionNode = FALSE
	EndGlobalSection
	GlobalSection(NestedProjects) = preSolution
		{B36B920C-3A28-4CDD-9C3D-934F0C86A815} = {DF2C8D3F-4066-446E-9CCF-1D2D040A509F}
		{CF430AB9-B3D5-4692-9F97-D37EA5B9695D} = {54B32174-673E-4332-8E4C-9E875869CA15}
		{301D0635-3EC1-4720-8E6F-DDB903EDEA5A} = {EA7AD711-327B-4FDD-8F8F-2BD3EA76824D}
		{5A089A35-66B3-429E-9C75-1A35B7E1C0DF} = {9F06B706-3E22-478E-AF69-80183D832390}
		{70D26467-8A4C-4AA0-AAA6-DB8B57A4FB16} = {9F06B706-3E22-478E-AF69-80183D832390}
		{D302182E-212A-4003-A629-575CD6ABFD15} = {1451398E-98F1-4516-BF85-05A6884EC4A5}
		{73B93A45-D3B6-4E29-A7FC-E0DD5412A359} = {858242EE-C8A6-4BA3-B3F1-D433D103528D}
		{30061789-C83C-4246-9D26-F92F36C26B1F} = {41DBF608-8845-4B53-88A3-E120325D5D04}
	EndGlobalSection
	GlobalSection(ExtensibilityGlobals) = postSolution
		SolutionGuid = {0EB24DD0-1EA5-4AC8-B47A-E2D535B59562}
	EndGlobalSection
EndGlobal
